
Microsoft Visual Studio Solution File, Format Version 12.00
# Visual Studio Version 16
VisualStudioVersion = 16.0.30611.23
MinimumVisualStudioVersion = 10.0.40219.1
Project("{8BC9CEB8-8B4A-11D0-8D11-00A0C91BC942}") = "Connect4", "Connect4\Connect4.vcxproj", "{F9451D9D-76CB-4315-808F-900787820991}"
EndProject
Global
	GlobalSection(SolutionConfigurationPlatforms) = preSolution
		Debug|x64 = Debug|x64
		Debug|x86 = Debug|x86
		Release|x64 = Release|x64
		Release|x86 = Release|x86
	EndGlobalSection
	GlobalSection(ProjectConfigurationPlatforms) = postSolution
		{F9451D9D-76CB-4315-808F-900787820991}.Debug|x64.ActiveCfg = Debug|x64
		{F9451D9D-76CB-4315-808F-900787820991}.Debug|x64.Build.0 = Debug|x64
		{F9451D9D-76CB-4315-808F-900787820991}.Debug|x86.ActiveCfg = Debug|Win32
		{F9451D9D-76CB-4315-808F-900787820991}.Debug|x86.Build.0 = Debug|Win32
		{F9451D9D-76CB-4315-808F-900787820991}.Release|x64.ActiveCfg = Release|x64
		{F9451D9D-76CB-4315-808F-900787820991}.Release|x64.Build.0 = Release|x64
		{F9451D9D-76CB-4315-808F-900787820991}.Release|x86.ActiveCfg = Release|Win32
		{F9451D9D-76CB-4315-808F-900787820991}.Release|x86.Build.0 = Release|Win32
	EndGlobalSection
	GlobalSection(SolutionProperties) = preSolution
		HideSolutionNode = FALSE
	EndGlobalSection
	GlobalSection(ExtensibilityGlobals) = postSolution
		SolutionGuid = {A8615159-EF18-47DB-8DC6-775E80DF059D}
	EndGlobalSection
EndGlobal
